
Microsoft Visual Studio Solution File, Format Version 12.00
# Visual Studio Version 17
VisualStudioVersion = 17.0.31903.59
MinimumVisualStudioVersion = 10.0.40219.1
Project("{2150E333-8FDC-42A3-9474-1A3956D46DE8}") = "src", "src", "{8E2E4AC0-564C-4880-8B22-CA6092A754C6}"
EndProject
Project("{2150E333-8FDC-42A3-9474-1A3956D46DE8}") = "Services", "Services", "{BF8ED88A-46EF-4712-A03A-DE8BB91E641F}"
EndProject
Project("{2150E333-8FDC-42A3-9474-1A3956D46DE8}") = "Orders", "Orders", "{73CCC4FD-1929-4C5A-A49C-563E4CA59757}"
EndProject
Project("{FAE04EC0-301F-11D3-BF4B-00C04F79EFBC}") = "Orders.Domain", "src\Services\Orders\Orders.Domain\Orders.Domain.csproj", "{095FC709-E967-444F-A470-51D328C2F572}"
EndProject
Project("{2150E333-8FDC-42A3-9474-1A3956D46DE8}") = "shared", "shared", "{1F8ECBE5-09DA-BAA2-CD39-E5A503F2E1A2}"
EndProject
Project("{FAE04EC0-301F-11D3-BF4B-00C04F79EFBC}") = "Shared", "src\shared\Shared\Shared.csproj", "{DB3444FE-0BAD-4A72-9690-51F266AA01A3}"
EndProject
Project("{FAE04EC0-301F-11D3-BF4B-00C04F79EFBC}") = "Shared.CQRS", "src\shared\Shared.CQRS\Shared.CQRS.csproj", "{D0C73D21-1A62-427A-9FD4-FE0231008306}"
EndProject
Project("{FAE04EC0-301F-11D3-BF4B-00C04F79EFBC}") = "Orders.DAL", "src\services\Orders\Orders.DAL\Orders.DAL.csproj", "{85F93D9E-30AB-4EF6-AA67-3B5FF0F21382}"
EndProject
Project("{FAE04EC0-301F-11D3-BF4B-00C04F79EFBC}") = "Orders.BLL", "src\services\Orders\Orders.BLL\Orders.BLL.csproj", "{CC20F87D-4A5E-464B-B538-9EEAEE56889E}"
EndProject
Project("{FAE04EC0-301F-11D3-BF4B-00C04F79EFBC}") = "ServiceDefaults", "src\services\ServiceDefaults\ServiceDefaults.csproj", "{69C817B0-90EF-4AA0-B9B0-B7BB882F0B7A}"
EndProject
Project("{FAE04EC0-301F-11D3-BF4B-00C04F79EFBC}") = "Orders.API", "src\services\Orders\Orders.API\Orders.API.csproj", "{FC88E214-1202-4630-96A6-AE3EDEBEE8DD}"
EndProject
Project("{FAE04EC0-301F-11D3-BF4B-00C04F79EFBC}") = "AppHost", "src\services\AppHost\AppHost.csproj", "{D715682A-F07A-4E7D-85A5-D7E35EA2A3D7}"
EndProject
Project("{2150E333-8FDC-42A3-9474-1A3956D46DE8}") = "Catalog", "Catalog", "{383612DB-51B8-7BB7-3EA3-EF841E77B9A1}"
EndProject
Project("{FAE04EC0-301F-11D3-BF4B-00C04F79EFBC}") = "Catalog.DAL", "src\services\Catalog\Catalog.DAL\Catalog.DAL.csproj", "{E2EAD2D0-A343-49D8-BC67-0B7741CE5906}"
EndProject
Project("{FAE04EC0-301F-11D3-BF4B-00C04F79EFBC}") = "Catalog.BLL", "src\services\Catalog\Catalog.BLL\Catalog.BLL.csproj", "{C4310213-6FF7-431D-AEEE-8E0ED7AD24E8}"
EndProject
Project("{FAE04EC0-301F-11D3-BF4B-00C04F79EFBC}") = "Catalog.API", "src\services\Catalog\Catalog.API\Catalog.API.csproj", "{68A56BD6-65CD-4C49-B351-8C101DAC6DF4}"
EndProject
Project("{2150E333-8FDC-42A3-9474-1A3956D46DE8}") = "SocialAndReviews", "SocialAndReviews", "{3CB1931C-E896-F64E-82ED-849AD76679BE}"
EndProject
Project("{FAE04EC0-301F-11D3-BF4B-00C04F79EFBC}") = "SocialAndReviews.Domain", "src\services\SocialAndReviews\SocialAndReviews.Domain\SocialAndReviews.Domain.csproj", "{4E810894-3D47-4705-ABD4-086256AF74BA}"
EndProject
Project("{FAE04EC0-301F-11D3-BF4B-00C04F79EFBC}") = "SocialAndReviews.Application", "src\services\SocialAndReviews\SocialAndReviews.Application\SocialAndReviews.Application.csproj", "{0CFE4A11-15B4-43C5-B0DC-1C676FE95866}"
EndProject
Project("{FAE04EC0-301F-11D3-BF4B-00C04F79EFBC}") = "SocialAndReviews.Infrastructure", "src\services\SocialAndReviews\SocialAndReviews.Infrastructure\SocialAndReviews.Infrastructure.csproj", "{E68BD14E-7A9D-4514-9CD2-95C24664360F}"
EndProject
Project("{FAE04EC0-301F-11D3-BF4B-00C04F79EFBC}") = "SocialAndReviews.API", "src\services\SocialAndReviews\SocialAndReviews.API\SocialAndReviews.API.csproj", "{7571203B-76F8-4CCC-AF6A-CBD4AEF2EF11}"
EndProject
Global
	GlobalSection(SolutionConfigurationPlatforms) = preSolution
		Debug|Any CPU = Debug|Any CPU
		Debug|x64 = Debug|x64
		Debug|x86 = Debug|x86
		Release|Any CPU = Release|Any CPU
		Release|x64 = Release|x64
		Release|x86 = Release|x86
	EndGlobalSection
	GlobalSection(ProjectConfigurationPlatforms) = postSolution
		{095FC709-E967-444F-A470-51D328C2F572}.Debug|Any CPU.ActiveCfg = Debug|Any CPU
		{095FC709-E967-444F-A470-51D328C2F572}.Debug|Any CPU.Build.0 = Debug|Any CPU
		{095FC709-E967-444F-A470-51D328C2F572}.Debug|x64.ActiveCfg = Debug|Any CPU
		{095FC709-E967-444F-A470-51D328C2F572}.Debug|x64.Build.0 = Debug|Any CPU
		{095FC709-E967-444F-A470-51D328C2F572}.Debug|x86.ActiveCfg = Debug|Any CPU
		{095FC709-E967-444F-A470-51D328C2F572}.Debug|x86.Build.0 = Debug|Any CPU
		{095FC709-E967-444F-A470-51D328C2F572}.Release|Any CPU.ActiveCfg = Release|Any CPU
		{095FC709-E967-444F-A470-51D328C2F572}.Release|Any CPU.Build.0 = Release|Any CPU
		{095FC709-E967-444F-A470-51D328C2F572}.Release|x64.ActiveCfg = Release|Any CPU
		{095FC709-E967-444F-A470-51D328C2F572}.Release|x64.Build.0 = Release|Any CPU
		{095FC709-E967-444F-A470-51D328C2F572}.Release|x86.ActiveCfg = Release|Any CPU
		{095FC709-E967-444F-A470-51D328C2F572}.Release|x86.Build.0 = Release|Any CPU
		{DB3444FE-0BAD-4A72-9690-51F266AA01A3}.Debug|Any CPU.ActiveCfg = Debug|Any CPU
		{DB3444FE-0BAD-4A72-9690-51F266AA01A3}.Debug|Any CPU.Build.0 = Debug|Any CPU
		{DB3444FE-0BAD-4A72-9690-51F266AA01A3}.Debug|x64.ActiveCfg = Debug|Any CPU
		{DB3444FE-0BAD-4A72-9690-51F266AA01A3}.Debug|x64.Build.0 = Debug|Any CPU
		{DB3444FE-0BAD-4A72-9690-51F266AA01A3}.Debug|x86.ActiveCfg = Debug|Any CPU
		{DB3444FE-0BAD-4A72-9690-51F266AA01A3}.Debug|x86.Build.0 = Debug|Any CPU
		{DB3444FE-0BAD-4A72-9690-51F266AA01A3}.Release|Any CPU.ActiveCfg = Release|Any CPU
		{DB3444FE-0BAD-4A72-9690-51F266AA01A3}.Release|Any CPU.Build.0 = Release|Any CPU
		{DB3444FE-0BAD-4A72-9690-51F266AA01A3}.Release|x64.ActiveCfg = Release|Any CPU
		{DB3444FE-0BAD-4A72-9690-51F266AA01A3}.Release|x64.Build.0 = Release|Any CPU
		{DB3444FE-0BAD-4A72-9690-51F266AA01A3}.Release|x86.ActiveCfg = Release|Any CPU
		{DB3444FE-0BAD-4A72-9690-51F266AA01A3}.Release|x86.Build.0 = Release|Any CPU
		{D0C73D21-1A62-427A-9FD4-FE0231008306}.Debug|Any CPU.ActiveCfg = Debug|Any CPU
		{D0C73D21-1A62-427A-9FD4-FE0231008306}.Debug|Any CPU.Build.0 = Debug|Any CPU
		{D0C73D21-1A62-427A-9FD4-FE0231008306}.Debug|x64.ActiveCfg = Debug|Any CPU
		{D0C73D21-1A62-427A-9FD4-FE0231008306}.Debug|x64.Build.0 = Debug|Any CPU
		{D0C73D21-1A62-427A-9FD4-FE0231008306}.Debug|x86.ActiveCfg = Debug|Any CPU
		{D0C73D21-1A62-427A-9FD4-FE0231008306}.Debug|x86.Build.0 = Debug|Any CPU
		{D0C73D21-1A62-427A-9FD4-FE0231008306}.Release|Any CPU.ActiveCfg = Release|Any CPU
		{D0C73D21-1A62-427A-9FD4-FE0231008306}.Release|Any CPU.Build.0 = Release|Any CPU
		{D0C73D21-1A62-427A-9FD4-FE0231008306}.Release|x64.ActiveCfg = Release|Any CPU
		{D0C73D21-1A62-427A-9FD4-FE0231008306}.Release|x64.Build.0 = Release|Any CPU
		{D0C73D21-1A62-427A-9FD4-FE0231008306}.Release|x86.ActiveCfg = Release|Any CPU
		{D0C73D21-1A62-427A-9FD4-FE0231008306}.Release|x86.Build.0 = Release|Any CPU
		{85F93D9E-30AB-4EF6-AA67-3B5FF0F21382}.Debug|Any CPU.ActiveCfg = Debug|Any CPU
		{85F93D9E-30AB-4EF6-AA67-3B5FF0F21382}.Debug|Any CPU.Build.0 = Debug|Any CPU
		{85F93D9E-30AB-4EF6-AA67-3B5FF0F21382}.Debug|x64.ActiveCfg = Debug|Any CPU
		{85F93D9E-30AB-4EF6-AA67-3B5FF0F21382}.Debug|x64.Build.0 = Debug|Any CPU
		{85F93D9E-30AB-4EF6-AA67-3B5FF0F21382}.Debug|x86.ActiveCfg = Debug|Any CPU
		{85F93D9E-30AB-4EF6-AA67-3B5FF0F21382}.Debug|x86.Build.0 = Debug|Any CPU
		{85F93D9E-30AB-4EF6-AA67-3B5FF0F21382}.Release|Any CPU.ActiveCfg = Release|Any CPU
		{85F93D9E-30AB-4EF6-AA67-3B5FF0F21382}.Release|Any CPU.Build.0 = Release|Any CPU
		{85F93D9E-30AB-4EF6-AA67-3B5FF0F21382}.Release|x64.ActiveCfg = Release|Any CPU
		{85F93D9E-30AB-4EF6-AA67-3B5FF0F21382}.Release|x64.Build.0 = Release|Any CPU
		{85F93D9E-30AB-4EF6-AA67-3B5FF0F21382}.Release|x86.ActiveCfg = Release|Any CPU
		{85F93D9E-30AB-4EF6-AA67-3B5FF0F21382}.Release|x86.Build.0 = Release|Any CPU
		{CC20F87D-4A5E-464B-B538-9EEAEE56889E}.Debug|Any CPU.ActiveCfg = Debug|Any CPU
		{CC20F87D-4A5E-464B-B538-9EEAEE56889E}.Debug|Any CPU.Build.0 = Debug|Any CPU
		{CC20F87D-4A5E-464B-B538-9EEAEE56889E}.Debug|x64.ActiveCfg = Debug|Any CPU
		{CC20F87D-4A5E-464B-B538-9EEAEE56889E}.Debug|x64.Build.0 = Debug|Any CPU
		{CC20F87D-4A5E-464B-B538-9EEAEE56889E}.Debug|x86.ActiveCfg = Debug|Any CPU
		{CC20F87D-4A5E-464B-B538-9EEAEE56889E}.Debug|x86.Build.0 = Debug|Any CPU
		{CC20F87D-4A5E-464B-B538-9EEAEE56889E}.Release|Any CPU.ActiveCfg = Release|Any CPU
		{CC20F87D-4A5E-464B-B538-9EEAEE56889E}.Release|Any CPU.Build.0 = Release|Any CPU
		{CC20F87D-4A5E-464B-B538-9EEAEE56889E}.Release|x64.ActiveCfg = Release|Any CPU
		{CC20F87D-4A5E-464B-B538-9EEAEE56889E}.Release|x64.Build.0 = Release|Any CPU
		{CC20F87D-4A5E-464B-B538-9EEAEE56889E}.Release|x86.ActiveCfg = Release|Any CPU
		{CC20F87D-4A5E-464B-B538-9EEAEE56889E}.Release|x86.Build.0 = Release|Any CPU
		{69C817B0-90EF-4AA0-B9B0-B7BB882F0B7A}.Debug|Any CPU.ActiveCfg = Debug|Any CPU
		{69C817B0-90EF-4AA0-B9B0-B7BB882F0B7A}.Debug|Any CPU.Build.0 = Debug|Any CPU
		{69C817B0-90EF-4AA0-B9B0-B7BB882F0B7A}.Debug|x64.ActiveCfg = Debug|Any CPU
		{69C817B0-90EF-4AA0-B9B0-B7BB882F0B7A}.Debug|x64.Build.0 = Debug|Any CPU
		{69C817B0-90EF-4AA0-B9B0-B7BB882F0B7A}.Debug|x86.ActiveCfg = Debug|Any CPU
		{69C817B0-90EF-4AA0-B9B0-B7BB882F0B7A}.Debug|x86.Build.0 = Debug|Any CPU
		{69C817B0-90EF-4AA0-B9B0-B7BB882F0B7A}.Release|Any CPU.ActiveCfg = Release|Any CPU
		{69C817B0-90EF-4AA0-B9B0-B7BB882F0B7A}.Release|Any CPU.Build.0 = Release|Any CPU
		{69C817B0-90EF-4AA0-B9B0-B7BB882F0B7A}.Release|x64.ActiveCfg = Release|Any CPU
		{69C817B0-90EF-4AA0-B9B0-B7BB882F0B7A}.Release|x64.Build.0 = Release|Any CPU
		{69C817B0-90EF-4AA0-B9B0-B7BB882F0B7A}.Release|x86.ActiveCfg = Release|Any CPU
		{69C817B0-90EF-4AA0-B9B0-B7BB882F0B7A}.Release|x86.Build.0 = Release|Any CPU
		{FC88E214-1202-4630-96A6-AE3EDEBEE8DD}.Debug|Any CPU.ActiveCfg = Debug|Any CPU
		{FC88E214-1202-4630-96A6-AE3EDEBEE8DD}.Debug|Any CPU.Build.0 = Debug|Any CPU
		{FC88E214-1202-4630-96A6-AE3EDEBEE8DD}.Debug|x64.ActiveCfg = Debug|Any CPU
		{FC88E214-1202-4630-96A6-AE3EDEBEE8DD}.Debug|x64.Build.0 = Debug|Any CPU
		{FC88E214-1202-4630-96A6-AE3EDEBEE8DD}.Debug|x86.ActiveCfg = Debug|Any CPU
		{FC88E214-1202-4630-96A6-AE3EDEBEE8DD}.Debug|x86.Build.0 = Debug|Any CPU
		{FC88E214-1202-4630-96A6-AE3EDEBEE8DD}.Release|Any CPU.ActiveCfg = Release|Any CPU
		{FC88E214-1202-4630-96A6-AE3EDEBEE8DD}.Release|Any CPU.Build.0 = Release|Any CPU
		{FC88E214-1202-4630-96A6-AE3EDEBEE8DD}.Release|x64.ActiveCfg = Release|Any CPU
		{FC88E214-1202-4630-96A6-AE3EDEBEE8DD}.Release|x64.Build.0 = Release|Any CPU
		{FC88E214-1202-4630-96A6-AE3EDEBEE8DD}.Release|x86.ActiveCfg = Release|Any CPU
		{FC88E214-1202-4630-96A6-AE3EDEBEE8DD}.Release|x86.Build.0 = Release|Any CPU
		{D715682A-F07A-4E7D-85A5-D7E35EA2A3D7}.Debug|Any CPU.ActiveCfg = Debug|Any CPU
		{D715682A-F07A-4E7D-85A5-D7E35EA2A3D7}.Debug|Any CPU.Build.0 = Debug|Any CPU
		{D715682A-F07A-4E7D-85A5-D7E35EA2A3D7}.Debug|x64.ActiveCfg = Debug|Any CPU
		{D715682A-F07A-4E7D-85A5-D7E35EA2A3D7}.Debug|x64.Build.0 = Debug|Any CPU
		{D715682A-F07A-4E7D-85A5-D7E35EA2A3D7}.Debug|x86.ActiveCfg = Debug|Any CPU
		{D715682A-F07A-4E7D-85A5-D7E35EA2A3D7}.Debug|x86.Build.0 = Debug|Any CPU
		{D715682A-F07A-4E7D-85A5-D7E35EA2A3D7}.Release|Any CPU.ActiveCfg = Release|Any CPU
		{D715682A-F07A-4E7D-85A5-D7E35EA2A3D7}.Release|Any CPU.Build.0 = Release|Any CPU
		{D715682A-F07A-4E7D-85A5-D7E35EA2A3D7}.Release|x64.ActiveCfg = Release|Any CPU
		{D715682A-F07A-4E7D-85A5-D7E35EA2A3D7}.Release|x64.Build.0 = Release|Any CPU
		{D715682A-F07A-4E7D-85A5-D7E35EA2A3D7}.Release|x86.ActiveCfg = Release|Any CPU
		{D715682A-F07A-4E7D-85A5-D7E35EA2A3D7}.Release|x86.Build.0 = Release|Any CPU
		{E2EAD2D0-A343-49D8-BC67-0B7741CE5906}.Debug|Any CPU.ActiveCfg = Debug|Any CPU
		{E2EAD2D0-A343-49D8-BC67-0B7741CE5906}.Debug|Any CPU.Build.0 = Debug|Any CPU
		{E2EAD2D0-A343-49D8-BC67-0B7741CE5906}.Debug|x64.ActiveCfg = Debug|Any CPU
		{E2EAD2D0-A343-49D8-BC67-0B7741CE5906}.Debug|x64.Build.0 = Debug|Any CPU
		{E2EAD2D0-A343-49D8-BC67-0B7741CE5906}.Debug|x86.ActiveCfg = Debug|Any CPU
		{E2EAD2D0-A343-49D8-BC67-0B7741CE5906}.Debug|x86.Build.0 = Debug|Any CPU
		{E2EAD2D0-A343-49D8-BC67-0B7741CE5906}.Release|Any CPU.ActiveCfg = Release|Any CPU
		{E2EAD2D0-A343-49D8-BC67-0B7741CE5906}.Release|Any CPU.Build.0 = Release|Any CPU
		{E2EAD2D0-A343-49D8-BC67-0B7741CE5906}.Release|x64.ActiveCfg = Release|Any CPU
		{E2EAD2D0-A343-49D8-BC67-0B7741CE5906}.Release|x64.Build.0 = Release|Any CPU
		{E2EAD2D0-A343-49D8-BC67-0B7741CE5906}.Release|x86.ActiveCfg = Release|Any CPU
		{E2EAD2D0-A343-49D8-BC67-0B7741CE5906}.Release|x86.Build.0 = Release|Any CPU
		{C4310213-6FF7-431D-AEEE-8E0ED7AD24E8}.Debug|Any CPU.ActiveCfg = Debug|Any CPU
		{C4310213-6FF7-431D-AEEE-8E0ED7AD24E8}.Debug|Any CPU.Build.0 = Debug|Any CPU
		{C4310213-6FF7-431D-AEEE-8E0ED7AD24E8}.Debug|x64.ActiveCfg = Debug|Any CPU
		{C4310213-6FF7-431D-AEEE-8E0ED7AD24E8}.Debug|x64.Build.0 = Debug|Any CPU
		{C4310213-6FF7-431D-AEEE-8E0ED7AD24E8}.Debug|x86.ActiveCfg = Debug|Any CPU
		{C4310213-6FF7-431D-AEEE-8E0ED7AD24E8}.Debug|x86.Build.0 = Debug|Any CPU
		{C4310213-6FF7-431D-AEEE-8E0ED7AD24E8}.Release|Any CPU.ActiveCfg = Release|Any CPU
		{C4310213-6FF7-431D-AEEE-8E0ED7AD24E8}.Release|Any CPU.Build.0 = Release|Any CPU
		{C4310213-6FF7-431D-AEEE-8E0ED7AD24E8}.Release|x64.ActiveCfg = Release|Any CPU
		{C4310213-6FF7-431D-AEEE-8E0ED7AD24E8}.Release|x64.Build.0 = Release|Any CPU
		{C4310213-6FF7-431D-AEEE-8E0ED7AD24E8}.Release|x86.ActiveCfg = Release|Any CPU
		{C4310213-6FF7-431D-AEEE-8E0ED7AD24E8}.Release|x86.Build.0 = Release|Any CPU
		{68A56BD6-65CD-4C49-B351-8C101DAC6DF4}.Debug|Any CPU.ActiveCfg = Debug|Any CPU
		{68A56BD6-65CD-4C49-B351-8C101DAC6DF4}.Debug|Any CPU.Build.0 = Debug|Any CPU
		{68A56BD6-65CD-4C49-B351-8C101DAC6DF4}.Debug|x64.ActiveCfg = Debug|Any CPU
		{68A56BD6-65CD-4C49-B351-8C101DAC6DF4}.Debug|x64.Build.0 = Debug|Any CPU
		{68A56BD6-65CD-4C49-B351-8C101DAC6DF4}.Debug|x86.ActiveCfg = Debug|Any CPU
		{68A56BD6-65CD-4C49-B351-8C101DAC6DF4}.Debug|x86.Build.0 = Debug|Any CPU
		{68A56BD6-65CD-4C49-B351-8C101DAC6DF4}.Release|Any CPU.ActiveCfg = Release|Any CPU
		{68A56BD6-65CD-4C49-B351-8C101DAC6DF4}.Release|Any CPU.Build.0 = Release|Any CPU
		{68A56BD6-65CD-4C49-B351-8C101DAC6DF4}.Release|x64.ActiveCfg = Release|Any CPU
		{68A56BD6-65CD-4C49-B351-8C101DAC6DF4}.Release|x64.Build.0 = Release|Any CPU
		{68A56BD6-65CD-4C49-B351-8C101DAC6DF4}.Release|x86.ActiveCfg = Release|Any CPU
		{68A56BD6-65CD-4C49-B351-8C101DAC6DF4}.Release|x86.Build.0 = Release|Any CPU
		{4E810894-3D47-4705-ABD4-086256AF74BA}.Debug|Any CPU.ActiveCfg = Debug|Any CPU
		{4E810894-3D47-4705-ABD4-086256AF74BA}.Debug|Any CPU.Build.0 = Debug|Any CPU
		{4E810894-3D47-4705-ABD4-086256AF74BA}.Debug|x64.ActiveCfg = Debug|Any CPU
		{4E810894-3D47-4705-ABD4-086256AF74BA}.Debug|x64.Build.0 = Debug|Any CPU
		{4E810894-3D47-4705-ABD4-086256AF74BA}.Debug|x86.ActiveCfg = Debug|Any CPU
		{4E810894-3D47-4705-ABD4-086256AF74BA}.Debug|x86.Build.0 = Debug|Any CPU
		{4E810894-3D47-4705-ABD4-086256AF74BA}.Release|Any CPU.ActiveCfg = Release|Any CPU
		{4E810894-3D47-4705-ABD4-086256AF74BA}.Release|Any CPU.Build.0 = Release|Any CPU
		{4E810894-3D47-4705-ABD4-086256AF74BA}.Release|x64.ActiveCfg = Release|Any CPU
		{4E810894-3D47-4705-ABD4-086256AF74BA}.Release|x64.Build.0 = Release|Any CPU
		{4E810894-3D47-4705-ABD4-086256AF74BA}.Release|x86.ActiveCfg = Release|Any CPU
		{4E810894-3D47-4705-ABD4-086256AF74BA}.Release|x86.Build.0 = Release|Any CPU
		{0CFE4A11-15B4-43C5-B0DC-1C676FE95866}.Debug|Any CPU.ActiveCfg = Debug|Any CPU
		{0CFE4A11-15B4-43C5-B0DC-1C676FE95866}.Debug|Any CPU.Build.0 = Debug|Any CPU
		{0CFE4A11-15B4-43C5-B0DC-1C676FE95866}.Debug|x64.ActiveCfg = Debug|Any CPU
		{0CFE4A11-15B4-43C5-B0DC-1C676FE95866}.Debug|x64.Build.0 = Debug|Any CPU
		{0CFE4A11-15B4-43C5-B0DC-1C676FE95866}.Debug|x86.ActiveCfg = Debug|Any CPU
		{0CFE4A11-15B4-43C5-B0DC-1C676FE95866}.Debug|x86.Build.0 = Debug|Any CPU
		{0CFE4A11-15B4-43C5-B0DC-1C676FE95866}.Release|Any CPU.ActiveCfg = Release|Any CPU
		{0CFE4A11-15B4-43C5-B0DC-1C676FE95866}.Release|Any CPU.Build.0 = Release|Any CPU
		{0CFE4A11-15B4-43C5-B0DC-1C676FE95866}.Release|x64.ActiveCfg = Release|Any CPU
		{0CFE4A11-15B4-43C5-B0DC-1C676FE95866}.Release|x64.Build.0 = Release|Any CPU
		{0CFE4A11-15B4-43C5-B0DC-1C676FE95866}.Release|x86.ActiveCfg = Release|Any CPU
		{0CFE4A11-15B4-43C5-B0DC-1C676FE95866}.Release|x86.Build.0 = Release|Any CPU
		{E68BD14E-7A9D-4514-9CD2-95C24664360F}.Debug|Any CPU.ActiveCfg = Debug|Any CPU
		{E68BD14E-7A9D-4514-9CD2-95C24664360F}.Debug|Any CPU.Build.0 = Debug|Any CPU
		{E68BD14E-7A9D-4514-9CD2-95C24664360F}.Debug|x64.ActiveCfg = Debug|Any CPU
		{E68BD14E-7A9D-4514-9CD2-95C24664360F}.Debug|x64.Build.0 = Debug|Any CPU
		{E68BD14E-7A9D-4514-9CD2-95C24664360F}.Debug|x86.ActiveCfg = Debug|Any CPU
		{E68BD14E-7A9D-4514-9CD2-95C24664360F}.Debug|x86.Build.0 = Debug|Any CPU
		{E68BD14E-7A9D-4514-9CD2-95C24664360F}.Release|Any CPU.ActiveCfg = Release|Any CPU
		{E68BD14E-7A9D-4514-9CD2-95C24664360F}.Release|Any CPU.Build.0 = Release|Any CPU
		{E68BD14E-7A9D-4514-9CD2-95C24664360F}.Release|x64.ActiveCfg = Release|Any CPU
		{E68BD14E-7A9D-4514-9CD2-95C24664360F}.Release|x64.Build.0 = Release|Any CPU
		{E68BD14E-7A9D-4514-9CD2-95C24664360F}.Release|x86.ActiveCfg = Release|Any CPU
		{E68BD14E-7A9D-4514-9CD2-95C24664360F}.Release|x86.Build.0 = Release|Any CPU
		{7571203B-76F8-4CCC-AF6A-CBD4AEF2EF11}.Debug|Any CPU.ActiveCfg = Debug|Any CPU
		{7571203B-76F8-4CCC-AF6A-CBD4AEF2EF11}.Debug|Any CPU.Build.0 = Debug|Any CPU
		{7571203B-76F8-4CCC-AF6A-CBD4AEF2EF11}.Debug|x64.ActiveCfg = Debug|Any CPU
		{7571203B-76F8-4CCC-AF6A-CBD4AEF2EF11}.Debug|x64.Build.0 = Debug|Any CPU
		{7571203B-76F8-4CCC-AF6A-CBD4AEF2EF11}.Debug|x86.ActiveCfg = Debug|Any CPU
		{7571203B-76F8-4CCC-AF6A-CBD4AEF2EF11}.Debug|x86.Build.0 = Debug|Any CPU
		{7571203B-76F8-4CCC-AF6A-CBD4AEF2EF11}.Release|Any CPU.ActiveCfg = Release|Any CPU
		{7571203B-76F8-4CCC-AF6A-CBD4AEF2EF11}.Release|Any CPU.Build.0 = Release|Any CPU
		{7571203B-76F8-4CCC-AF6A-CBD4AEF2EF11}.Release|x64.ActiveCfg = Release|Any CPU
		{7571203B-76F8-4CCC-AF6A-CBD4AEF2EF11}.Release|x64.Build.0 = Release|Any CPU
		{7571203B-76F8-4CCC-AF6A-CBD4AEF2EF11}.Release|x86.ActiveCfg = Release|Any CPU
		{7571203B-76F8-4CCC-AF6A-CBD4AEF2EF11}.Release|x86.Build.0 = Release|Any CPU
	EndGlobalSection
	GlobalSection(SolutionProperties) = preSolution
		HideSolutionNode = FALSE
	EndGlobalSection
	GlobalSection(NestedProjects) = preSolution
		{BF8ED88A-46EF-4712-A03A-DE8BB91E641F} = {8E2E4AC0-564C-4880-8B22-CA6092A754C6}
		{73CCC4FD-1929-4C5A-A49C-563E4CA59757} = {BF8ED88A-46EF-4712-A03A-DE8BB91E641F}
		{095FC709-E967-444F-A470-51D328C2F572} = {73CCC4FD-1929-4C5A-A49C-563E4CA59757}
		{1F8ECBE5-09DA-BAA2-CD39-E5A503F2E1A2} = {8E2E4AC0-564C-4880-8B22-CA6092A754C6}
		{DB3444FE-0BAD-4A72-9690-51F266AA01A3} = {1F8ECBE5-09DA-BAA2-CD39-E5A503F2E1A2}
		{D0C73D21-1A62-427A-9FD4-FE0231008306} = {1F8ECBE5-09DA-BAA2-CD39-E5A503F2E1A2}
		{85F93D9E-30AB-4EF6-AA67-3B5FF0F21382} = {73CCC4FD-1929-4C5A-A49C-563E4CA59757}
		{CC20F87D-4A5E-464B-B538-9EEAEE56889E} = {73CCC4FD-1929-4C5A-A49C-563E4CA59757}
		{69C817B0-90EF-4AA0-B9B0-B7BB882F0B7A} = {BF8ED88A-46EF-4712-A03A-DE8BB91E641F}
		{FC88E214-1202-4630-96A6-AE3EDEBEE8DD} = {73CCC4FD-1929-4C5A-A49C-563E4CA59757}
		{D715682A-F07A-4E7D-85A5-D7E35EA2A3D7} = {BF8ED88A-46EF-4712-A03A-DE8BB91E641F}
		{383612DB-51B8-7BB7-3EA3-EF841E77B9A1} = {BF8ED88A-46EF-4712-A03A-DE8BB91E641F}
		{E2EAD2D0-A343-49D8-BC67-0B7741CE5906} = {383612DB-51B8-7BB7-3EA3-EF841E77B9A1}
		{C4310213-6FF7-431D-AEEE-8E0ED7AD24E8} = {383612DB-51B8-7BB7-3EA3-EF841E77B9A1}
		{68A56BD6-65CD-4C49-B351-8C101DAC6DF4} = {383612DB-51B8-7BB7-3EA3-EF841E77B9A1}
		{3CB1931C-E896-F64E-82ED-849AD76679BE} = {BF8ED88A-46EF-4712-A03A-DE8BB91E641F}
		{4E810894-3D47-4705-ABD4-086256AF74BA} = {3CB1931C-E896-F64E-82ED-849AD76679BE}
		{0CFE4A11-15B4-43C5-B0DC-1C676FE95866} = {3CB1931C-E896-F64E-82ED-849AD76679BE}
		{E68BD14E-7A9D-4514-9CD2-95C24664360F} = {3CB1931C-E896-F64E-82ED-849AD76679BE}
		{7571203B-76F8-4CCC-AF6A-CBD4AEF2EF11} = {3CB1931C-E896-F64E-82ED-849AD76679BE}
	EndGlobalSection
EndGlobal
